
Microsoft Visual Studio Solution File, Format Version 12.00
# Visual Studio Version 16
VisualStudioVersion = 16.0.30717.126
MinimumVisualStudioVersion = 10.0.40219.1
Project("{FAE04EC0-301F-11D3-BF4B-00C04F79EFBC}") = "MMT.WebApi", "MMT.WebApi\MMT.WebApi.csproj", "{398EE934-97B3-4F50-9452-E1D02A37934C}"
EndProject
Project("{9A19103F-16F7-4668-BE54-9A1E7A4F7556}") = "MMT.CustomerAccountDetailsApiClient", "MMT.CustomerAccountDetailsApiClient\MMT.CustomerAccountDetailsApiClient.csproj", "{DEF080A6-D641-480E-89A5-078428113983}"
EndProject
Project("{9A19103F-16F7-4668-BE54-9A1E7A4F7556}") = "MMT.Models", "MMT.Models\MMT.Models.csproj", "{A72EB378-C7EB-4C56-B9E2-7D04B88DB33A}"
EndProject
Project("{FAE04EC0-301F-11D3-BF4B-00C04F79EFBC}") = "MMT.CustomerAccountDetailsApiClient.Tests", "MMT.CustomerAccountDetailsApiClient.Tests\MMT.CustomerAccountDetailsApiClient.Tests.csproj", "{583E1F9D-4533-4DAD-9470-AB32440ED3FC}"
EndProject
Project("{9A19103F-16F7-4668-BE54-9A1E7A4F7556}") = "MMT.DbClient", "MMT.DbClient\MMT.DbClient.csproj", "{7B396A9E-79F0-445D-8F16-752D037C3264}"
EndProject
Global
	GlobalSection(SolutionConfigurationPlatforms) = preSolution
		Debug|Any CPU = Debug|Any CPU
		Release|Any CPU = Release|Any CPU
	EndGlobalSection
	GlobalSection(ProjectConfigurationPlatforms) = postSolution
		{398EE934-97B3-4F50-9452-E1D02A37934C}.Debug|Any CPU.ActiveCfg = Debug|Any CPU
		{398EE934-97B3-4F50-9452-E1D02A37934C}.Debug|Any CPU.Build.0 = Debug|Any CPU
		{398EE934-97B3-4F50-9452-E1D02A37934C}.Release|Any CPU.ActiveCfg = Release|Any CPU
		{398EE934-97B3-4F50-9452-E1D02A37934C}.Release|Any CPU.Build.0 = Release|Any CPU
		{DEF080A6-D641-480E-89A5-078428113983}.Debug|Any CPU.ActiveCfg = Debug|Any CPU
		{DEF080A6-D641-480E-89A5-078428113983}.Debug|Any CPU.Build.0 = Debug|Any CPU
		{DEF080A6-D641-480E-89A5-078428113983}.Release|Any CPU.ActiveCfg = Release|Any CPU
		{DEF080A6-D641-480E-89A5-078428113983}.Release|Any CPU.Build.0 = Release|Any CPU
		{A72EB378-C7EB-4C56-B9E2-7D04B88DB33A}.Debug|Any CPU.ActiveCfg = Debug|Any CPU
		{A72EB378-C7EB-4C56-B9E2-7D04B88DB33A}.Debug|Any CPU.Build.0 = Debug|Any CPU
		{A72EB378-C7EB-4C56-B9E2-7D04B88DB33A}.Release|Any CPU.ActiveCfg = Release|Any CPU
		{A72EB378-C7EB-4C56-B9E2-7D04B88DB33A}.Release|Any CPU.Build.0 = Release|Any CPU
		{583E1F9D-4533-4DAD-9470-AB32440ED3FC}.Debug|Any CPU.ActiveCfg = Debug|Any CPU
		{583E1F9D-4533-4DAD-9470-AB32440ED3FC}.Debug|Any CPU.Build.0 = Debug|Any CPU
		{583E1F9D-4533-4DAD-9470-AB32440ED3FC}.Release|Any CPU.ActiveCfg = Release|Any CPU
		{583E1F9D-4533-4DAD-9470-AB32440ED3FC}.Release|Any CPU.Build.0 = Release|Any CPU
		{7B396A9E-79F0-445D-8F16-752D037C3264}.Debug|Any CPU.ActiveCfg = Debug|Any CPU
		{7B396A9E-79F0-445D-8F16-752D037C3264}.Debug|Any CPU.Build.0 = Debug|Any CPU
		{7B396A9E-79F0-445D-8F16-752D037C3264}.Release|Any CPU.ActiveCfg = Release|Any CPU
		{7B396A9E-79F0-445D-8F16-752D037C3264}.Release|Any CPU.Build.0 = Release|Any CPU
	EndGlobalSection
	GlobalSection(SolutionProperties) = preSolution
		HideSolutionNode = FALSE
	EndGlobalSection
	GlobalSection(ExtensibilityGlobals) = postSolution
		SolutionGuid = {C8AFCFB4-C73A-4C61-A9CC-0816F7673E3C}
	EndGlobalSection
EndGlobal
